
Microsoft Visual Studio Solution File, Format Version 12.00
# Visual Studio Version 16
VisualStudioVersion = 16.0.37206.5
MinimumVisualStudioVersion = 10.0.40219.1
Project("{C9674DCB-5085-4A16-B785-4C70DD1589BD}") = "HSBC_CREDIA_RECON", "HSBC_CREDIA_RECON\HSBC_CREDIA_RECON.dtproj", "{F42898B6-0882-4312-9738-0F4D335A75D2}"
EndProject
Project("{2150E333-8FDC-42A3-9474-1A3956D46DE8}") = "scripts", "scripts", "{C9CC8EDD-4274-44AC-AC2D-7786DE93EC30}"
	ProjectSection(SolutionItems) = preProject
		Customer.sql = Customer.sql
	EndProjectSection
EndProject
Project("{2150E333-8FDC-42A3-9474-1A3956D46DE8}") = "RESULTS_DC3", "RESULTS_DC3", "{0C14E794-24F7-40B6-842E-158470AEE5F7}"
	ProjectSection(SolutionItems) = preProject
		..\..\..\..\Documents\DATACUT3\QUALITY SCIRPTS\DQC100.sql = ..\..\..\..\Documents\DATACUT3\QUALITY SCIRPTS\DQC100.sql
		..\..\..\..\Documents\DATACUT3\QUALITY SCIRPTS\DQC300.sql = ..\..\..\..\Documents\DATACUT3\QUALITY SCIRPTS\DQC300.sql
		..\..\..\..\Documents\DATACUT3\QUALITY SCIRPTS\ME04_ATM_DQC.sql = ..\..\..\..\Documents\DATACUT3\QUALITY SCIRPTS\ME04_ATM_DQC.sql
		..\..\..\..\Documents\DATACUT3\QUALITY SCIRPTS\ME13_DECEASED_DQC.sql = ..\..\..\..\Documents\DATACUT3\QUALITY SCIRPTS\ME13_DECEASED_DQC.sql
		..\..\..\..\Documents\DATACUT3\QUALITY SCIRPTS\ME20_HIE DQC.sql = ..\..\..\..\Documents\DATACUT3\QUALITY SCIRPTS\ME20_HIE DQC.sql
		..\..\..\..\Documents\DATACUT3\QUALITY SCIRPTS\ME36_TREATS DQC.sql = ..\..\..\..\Documents\DATACUT3\QUALITY SCIRPTS\ME36_TREATS DQC.sql
	EndProjectSection
EndProject
Project("{2150E333-8FDC-42A3-9474-1A3956D46DE8}") = "RESULTS_PROFIT", "RESULTS_PROFIT", "{95C3E71E-FB1A-4DE1-9B9A-0B2950CB8F6A}"
	ProjectSection(SolutionItems) = preProject
		..\..\..\..\Documents\RESULTS_PROFIT\CUSTOMER_ADRESSES.sql = ..\..\..\..\Documents\RESULTS_PROFIT\CUSTOMER_ADRESSES.sql
		..\..\..\..\Documents\RESULTS_PROFIT\CUSTOMERS.sql = ..\..\..\..\Documents\RESULTS_PROFIT\CUSTOMERS.sql
		..\..\..\..\Documents\RESULTS_PROFIT\DEPOSITS.sql = ..\..\..\..\Documents\RESULTS_PROFIT\DEPOSITS.sql
	EndProjectSection
EndProject
Global
	GlobalSection(SolutionConfigurationPlatforms) = preSolution
		Development|Default = Development|Default
	EndGlobalSection
	GlobalSection(ProjectConfigurationPlatforms) = postSolution
		{F42898B6-0882-4312-9738-0F4D335A75D2}.Development|Default.ActiveCfg = Development
		{F42898B6-0882-4312-9738-0F4D335A75D2}.Development|Default.Build.0 = Development
	EndGlobalSection
	GlobalSection(SolutionProperties) = preSolution
		HideSolutionNode = FALSE
	EndGlobalSection
	GlobalSection(NestedProjects) = preSolution
		{0C14E794-24F7-40B6-842E-158470AEE5F7} = {C9CC8EDD-4274-44AC-AC2D-7786DE93EC30}
		{95C3E71E-FB1A-4DE1-9B9A-0B2950CB8F6A} = {C9CC8EDD-4274-44AC-AC2D-7786DE93EC30}
	EndGlobalSection
	GlobalSection(ExtensibilityGlobals) = postSolution
		SolutionGuid = {3B1DA900-122A-46DB-B427-2D91CB725764}
	EndGlobalSection
EndGlobal
